
Microsoft Visual Studio Solution File, Format Version 12.00
# Visual Studio Version 16
VisualStudioVersion = 16.0.31729.503
MinimumVisualStudioVersion = 10.0.40219.1
Project("{FAE04EC0-301F-11D3-BF4B-00C04F79EFBC}") = "Petbook.AzureFunction", "Petbook.AzureFunction\Petbook.AzureFunction.csproj", "{4E4FCD3B-CE70-43DF-94FA-B4BF23782CFE}"
EndProject
Global
	GlobalSection(SolutionConfigurationPlatforms) = preSolution
		Debug|Any CPU = Debug|Any CPU
		Release|Any CPU = Release|Any CPU
	EndGlobalSection
	GlobalSection(ProjectConfigurationPlatforms) = postSolution
		{4E4FCD3B-CE70-43DF-94FA-B4BF23782CFE}.Debug|Any CPU.ActiveCfg = Debug|Any CPU
		{4E4FCD3B-CE70-43DF-94FA-B4BF23782CFE}.Debug|Any CPU.Build.0 = Debug|Any CPU
		{4E4FCD3B-CE70-43DF-94FA-B4BF23782CFE}.Release|Any CPU.ActiveCfg = Release|Any CPU
		{4E4FCD3B-CE70-43DF-94FA-B4BF23782CFE}.Release|Any CPU.Build.0 = Release|Any CPU
	EndGlobalSection
	GlobalSection(SolutionProperties) = preSolution
		HideSolutionNode = FALSE
	EndGlobalSection
	GlobalSection(ExtensibilityGlobals) = postSolution
		SolutionGuid = {1963AD96-24A3-4E82-A57C-F86C1DFE2E1C}
	EndGlobalSection
EndGlobal
